// !$*UTF8*$!
{
	archiveVersion = 1;
	classes = {
	};
	objectVersion = 56;
	objects = {

/* Begin PBXBuildFile section */
		15336F2B2CDFCD20003B557B /* RealmStorageService.swift in Sources */ = {isa = PBXBuildFile; fileRef = 15336F2A2CDFCD20003B557B /* RealmStorageService.swift */; };
		15336F2D2CDFCDEF003B557B /* RealmImageModel.swift in Sources */ = {isa = PBXBuildFile; fileRef = 15336F2C2CDFCDEF003B557B /* RealmImageModel.swift */; };
		15A8508D2CDF543E00815474 /* SnapSyncApp.swift in Sources */ = {isa = PBXBuildFile; fileRef = 15A8508C2CDF543E00815474 /* SnapSyncApp.swift */; };
		15A850912CDF543F00815474 /* Assets.xcassets in Resources */ = {isa = PBXBuildFile; fileRef = 15A850902CDF543F00815474 /* Assets.xcassets */; };
		15A850942CDF543F00815474 /* Preview Assets.xcassets in Resources */ = {isa = PBXBuildFile; fileRef = 15A850932CDF543F00815474 /* Preview Assets.xcassets */; };
		15A850A02CDF5F1200815474 /* CameraPreview.swift in Sources */ = {isa = PBXBuildFile; fileRef = 15A8509C2CDF5F1100815474 /* CameraPreview.swift */; };
		15A850A12CDF5F1200815474 /* CameraViewModel.swift in Sources */ = {isa = PBXBuildFile; fileRef = 15A8509D2CDF5F1200815474 /* CameraViewModel.swift */; };
		15A850A32CDF5F1200815474 /* CameraManager.swift in Sources */ = {isa = PBXBuildFile; fileRef = 15A8509F2CDF5F1200815474 /* CameraManager.swift */; };
		15A850A52CDF5F3B00815474 /* ContentView.swift in Sources */ = {isa = PBXBuildFile; fileRef = 15A850A42CDF5F3B00815474 /* ContentView.swift */; };
		15A850A72CDF69C100815474 /* SavedImagesScreen.swift in Sources */ = {isa = PBXBuildFile; fileRef = 15A850A62CDF69C100815474 /* SavedImagesScreen.swift */; };
		15A850AE2CDF75A400815474 /* ImageModel.swift in Sources */ = {isa = PBXBuildFile; fileRef = 15A850AD2CDF75A400815474 /* ImageModel.swift */; };
		15A850B12CDF793B00815474 /* ImageStorageService.swift in Sources */ = {isa = PBXBuildFile; fileRef = 15A850B02CDF793B00815474 /* ImageStorageService.swift */; };
		15E4C2842CE068DB00A71F54 /* RealmSwift in Frameworks */ = {isa = PBXBuildFile; productRef = 15E4C2832CE068DB00A71F54 /* RealmSwift */; };
		15E4C2852CE06A5B00A71F54 /* RealmSwift in Embed Frameworks */ = {isa = PBXBuildFile; productRef = 15E4C2832CE068DB00A71F54 /* RealmSwift */; settings = {ATTRIBUTES = (CodeSignOnCopy, ); }; };
		15E4C2872CE06DFB00A71F54 /* ImageUploader.swift in Sources */ = {isa = PBXBuildFile; fileRef = 15E4C2862CE06DFB00A71F54 /* ImageUploader.swift */; };
/* End PBXBuildFile section */

/* Begin PBXCopyFilesBuildPhase section */
		1522B5932CE064CC00AE00D8 /* Embed Frameworks */ = {
			isa = PBXCopyFilesBuildPhase;
			buildActionMask = 2147483647;
			dstPath = "";
			dstSubfolderSpec = 10;
			files = (
				15E4C2852CE06A5B00A71F54 /* RealmSwift in Embed Frameworks */,
			);
			name = "Embed Frameworks";
			runOnlyForDeploymentPostprocessing = 0;
		};
/* End PBXCopyFilesBuildPhase section */

/* Begin PBXFileReference section */
		15336F2A2CDFCD20003B557B /* RealmStorageService.swift */ = {isa = PBXFileReference; lastKnownFileType = sourcecode.swift; path = RealmStorageService.swift; sourceTree = "<group>"; };
		15336F2C2CDFCDEF003B557B /* RealmImageModel.swift */ = {isa = PBXFileReference; lastKnownFileType = sourcecode.swift; path = RealmImageModel.swift; sourceTree = "<group>"; };
		15A850892CDF543E00815474 /* SnapSync.app */ = {isa = PBXFileReference; explicitFileType = wrapper.application; includeInIndex = 0; path = SnapSync.app; sourceTree = BUILT_PRODUCTS_DIR; };
		15A8508C2CDF543E00815474 /* SnapSyncApp.swift */ = {isa = PBXFileReference; lastKnownFileType = sourcecode.swift; path = SnapSyncApp.swift; sourceTree = "<group>"; };
		15A850902CDF543F00815474 /* Assets.xcassets */ = {isa = PBXFileReference; lastKnownFileType = folder.assetcatalog; path = Assets.xcassets; sourceTree = "<group>"; };
		15A850932CDF543F00815474 /* Preview Assets.xcassets */ = {isa = PBXFileReference; lastKnownFileType = folder.assetcatalog; path = "Preview Assets.xcassets"; sourceTree = "<group>"; };
		15A8509C2CDF5F1100815474 /* CameraPreview.swift */ = {isa = PBXFileReference; fileEncoding = 4; lastKnownFileType = sourcecode.swift; path = CameraPreview.swift; sourceTree = "<group>"; };
		15A8509D2CDF5F1200815474 /* CameraViewModel.swift */ = {isa = PBXFileReference; fileEncoding = 4; lastKnownFileType = sourcecode.swift; path = CameraViewModel.swift; sourceTree = "<group>"; };
		15A8509F2CDF5F1200815474 /* CameraManager.swift */ = {isa = PBXFileReference; fileEncoding = 4; lastKnownFileType = sourcecode.swift; path = CameraManager.swift; sourceTree = "<group>"; };
		15A850A42CDF5F3B00815474 /* ContentView.swift */ = {isa = PBXFileReference; fileEncoding = 4; lastKnownFileType = sourcecode.swift; name = ContentView.swift; path = ../../CameraApp/CustomCameraApp/ContentView.swift; sourceTree = "<group>"; };
		15A850A62CDF69C100815474 /* SavedImagesScreen.swift */ = {isa = PBXFileReference; lastKnownFileType = sourcecode.swift; path = SavedImagesScreen.swift; sourceTree = "<group>"; };
		15A850AD2CDF75A400815474 /* ImageModel.swift */ = {isa = PBXFileReference; lastKnownFileType = sourcecode.swift; path = ImageModel.swift; sourceTree = "<group>"; };
		15A850B02CDF793B00815474 /* ImageStorageService.swift */ = {isa = PBXFileReference; lastKnownFileType = sourcecode.swift; path = ImageStorageService.swift; sourceTree = "<group>"; };
		15E4C2862CE06DFB00A71F54 /* ImageUploader.swift */ = {isa = PBXFileReference; lastKnownFileType = sourcecode.swift; path = ImageUploader.swift; sourceTree = "<group>"; };
/* End PBXFileReference section */

/* Begin PBXFrameworksBuildPhase section */
		15A850862CDF543E00815474 /* Frameworks */ = {
			isa = PBXFrameworksBuildPhase;
			buildActionMask = 2147483647;
			files = (
				15E4C2842CE068DB00A71F54 /* RealmSwift in Frameworks */,
			);
			runOnlyForDeploymentPostprocessing = 0;
		};
/* End PBXFrameworksBuildPhase section */

/* Begin PBXGroup section */
		15A850802CDF543E00815474 = {
			isa = PBXGroup;
			children = (
				15A8508B2CDF543E00815474 /* SnapSync */,
				15A8508A2CDF543E00815474 /* Products */,
			);
			sourceTree = "<group>";
		};
		15A8508A2CDF543E00815474 /* Products */ = {
			isa = PBXGroup;
			children = (
				15A850892CDF543E00815474 /* SnapSync.app */,
			);
			name = Products;
			sourceTree = "<group>";
		};
		15A8508B2CDF543E00815474 /* SnapSync */ = {
			isa = PBXGroup;
			children = (
				15A850AF2CDF790800815474 /* LocalStorage */,
				15A8509F2CDF5F1200815474 /* CameraManager.swift */,
				15A8509C2CDF5F1100815474 /* CameraPreview.swift */,
				15A8509D2CDF5F1200815474 /* CameraViewModel.swift */,
				15A850A42CDF5F3B00815474 /* ContentView.swift */,
				15A8508C2CDF543E00815474 /* SnapSyncApp.swift */,
				15A850A62CDF69C100815474 /* SavedImagesScreen.swift */,
				15E4C2862CE06DFB00A71F54 /* ImageUploader.swift */,
				15A850902CDF543F00815474 /* Assets.xcassets */,
				15A850922CDF543F00815474 /* Preview Content */,
			);
			path = SnapSync;
			sourceTree = "<group>";
		};
		15A850922CDF543F00815474 /* Preview Content */ = {
			isa = PBXGroup;
			children = (
				15A850932CDF543F00815474 /* Preview Assets.xcassets */,
			);
			path = "Preview Content";
			sourceTree = "<group>";
		};
		15A850AF2CDF790800815474 /* LocalStorage */ = {
			isa = PBXGroup;
			children = (
				15A850AD2CDF75A400815474 /* ImageModel.swift */,
				15A850B02CDF793B00815474 /* ImageStorageService.swift */,
				15336F2A2CDFCD20003B557B /* RealmStorageService.swift */,
				15336F2C2CDFCDEF003B557B /* RealmImageModel.swift */,
			);
			path = LocalStorage;
			sourceTree = "<group>";
		};
/* End PBXGroup section */

/* Begin PBXNativeTarget section */
		15A850882CDF543E00815474 /* SnapSync */ = {
			isa = PBXNativeTarget;
			buildConfigurationList = 15A850972CDF543F00815474 /* Build configuration list for PBXNativeTarget "SnapSync" */;
			buildPhases = (
				15A850852CDF543E00815474 /* Sources */,
				15A850862CDF543E00815474 /* Frameworks */,
				15A850872CDF543E00815474 /* Resources */,
				1522B5932CE064CC00AE00D8 /* Embed Frameworks */,
			);
			buildRules = (
			);
			dependencies = (
			);
			name = SnapSync;
			packageProductDependencies = (
				15E4C2832CE068DB00A71F54 /* RealmSwift */,
			);
			productName = SnapSync;
			productReference = 15A850892CDF543E00815474 /* SnapSync.app */;
			productType = "com.apple.product-type.application";
		};
/* End PBXNativeTarget section */

/* Begin PBXProject section */
		15A850812CDF543E00815474 /* Project object */ = {
			isa = PBXProject;
			attributes = {
				BuildIndependentTargetsInParallel = 1;
				LastSwiftUpdateCheck = 1530;
				LastUpgradeCheck = 1530;
				TargetAttributes = {
					15A850882CDF543E00815474 = {
						CreatedOnToolsVersion = 15.3;
					};
				};
			};
			buildConfigurationList = 15A850842CDF543E00815474 /* Build configuration list for PBXProject "SnapSync" */;
			compatibilityVersion = "Xcode 14.0";
			developmentRegion = en;
			hasScannedForEncodings = 0;
			knownRegions = (
				en,
				Base,
			);
			mainGroup = 15A850802CDF543E00815474;
			packageReferences = (
				15E4C2822CE068DB00A71F54 /* XCRemoteSwiftPackageReference "realm-swift" */,
			);
			productRefGroup = 15A8508A2CDF543E00815474 /* Products */;
			projectDirPath = "";
			projectRoot = "";
			targets = (
				15A850882CDF543E00815474 /* SnapSync */,
			);
		};
/* End PBXProject section */

/* Begin PBXResourcesBuildPhase section */
		15A850872CDF543E00815474 /* Resources */ = {
			isa = PBXResourcesBuildPhase;
			buildActionMask = 2147483647;
			files = (
				15A850942CDF543F00815474 /* Preview Assets.xcassets in Resources */,
				15A850912CDF543F00815474 /* Assets.xcassets in Resources */,
			);
			runOnlyForDeploymentPostprocessing = 0;
		};
/* End PBXResourcesBuildPhase section */

/* Begin PBXSourcesBuildPhase section */
		15A850852CDF543E00815474 /* Sources */ = {
			isa = PBXSourcesBuildPhase;
			buildActionMask = 2147483647;
			files = (
				15A8508D2CDF543E00815474 /* SnapSyncApp.swift in Sources */,
				15A850A52CDF5F3B00815474 /* ContentView.swift in Sources */,
				15A850A02CDF5F1200815474 /* CameraPreview.swift in Sources */,
				15E4C2872CE06DFB00A71F54 /* ImageUploader.swift in Sources */,
				15336F2D2CDFCDEF003B557B /* RealmImageModel.swift in Sources */,
				15A850A12CDF5F1200815474 /* CameraViewModel.swift in Sources */,
				15336F2B2CDFCD20003B557B /* RealmStorageService.swift in Sources */,
				15A850A32CDF5F1200815474 /* CameraManager.swift in Sources */,
				15A850B12CDF793B00815474 /* ImageStorageService.swift in Sources */,
				15A850A72CDF69C100815474 /* SavedImagesScreen.swift in Sources */,
				15A850AE2CDF75A400815474 /* ImageModel.swift in Sources */,
			);
			runOnlyForDeploymentPostprocessing = 0;
		};
/* End PBXSourcesBuildPhase section */

/* Begin XCBuildConfiguration section */
		15A850952CDF543F00815474 /* Debug */ = {
			isa = XCBuildConfiguration;
			buildSettings = {
				ALWAYS_SEARCH_USER_PATHS = NO;
				ASSETCATALOG_COMPILER_GENERATE_SWIFT_ASSET_SYMBOL_EXTENSIONS = YES;
				CLANG_ANALYZER_NONNULL = YES;
				CLANG_ANALYZER_NUMBER_OBJECT_CONVERSION = YES_AGGRESSIVE;
				CLANG_CXX_LANGUAGE_STANDARD = "gnu++20";
				CLANG_ENABLE_MODULES = YES;
				CLANG_ENABLE_OBJC_ARC = YES;
				CLANG_ENABLE_OBJC_WEAK = YES;
				CLANG_WARN_BLOCK_CAPTURE_AUTORELEASING = YES;
				CLANG_WARN_BOOL_CONVERSION = YES;
				CLANG_WARN_COMMA = YES;
				CLANG_WARN_CONSTANT_CONVERSION = YES;
				CLANG_WARN_DEPRECATED_OBJC_IMPLEMENTATIONS = YES;
				CLANG_WARN_DIRECT_OBJC_ISA_USAGE = YES_ERROR;
				CLANG_WARN_DOCUMENTATION_COMMENTS = YES;
				CLANG_WARN_EMPTY_BODY = YES;
				CLANG_WARN_ENUM_CONVERSION = YES;
				CLANG_WARN_INFINITE_RECURSION = YES;
				CLANG_WARN_INT_CONVERSION = YES;
				CLANG_WARN_NON_LITERAL_NULL_CONVERSION = YES;
				CLANG_WARN_OBJC_IMPLICIT_RETAIN_SELF = YES;
				CLANG_WARN_OBJC_LITERAL_CONVERSION = YES;
				CLANG_WARN_OBJC_ROOT_CLASS = YES_ERROR;
				CLANG_WARN_QUOTED_INCLUDE_IN_FRAMEWORK_HEADER = YES;
				CLANG_WARN_RANGE_LOOP_ANALYSIS = YES;
				CLANG_WARN_STRICT_PROTOTYPES = YES;
				CLANG_WARN_SUSPICIOUS_MOVE = YES;
				CLANG_WARN_UNGUARDED_AVAILABILITY = YES_AGGRESSIVE;
				CLANG_WARN_UNREACHABLE_CODE = YES;
				CLANG_WARN__DUPLICATE_METHOD_MATCH = YES;
				COPY_PHASE_STRIP = NO;
				DEBUG_INFORMATION_FORMAT = dwarf;
				ENABLE_STRICT_OBJC_MSGSEND = YES;
				ENABLE_TESTABILITY = YES;
				ENABLE_USER_SCRIPT_SANDBOXING = YES;
				GCC_C_LANGUAGE_STANDARD = gnu17;
				GCC_DYNAMIC_NO_PIC = NO;
				GCC_NO_COMMON_BLOCKS = YES;
				GCC_OPTIMIZATION_LEVEL = 0;
				GCC_PREPROCESSOR_DEFINITIONS = (
					"DEBUG=1",
					"$(inherited)",
				);
				GCC_WARN_64_TO_32_BIT_CONVERSION = YES;
				GCC_WARN_ABOUT_RETURN_TYPE = YES_ERROR;
				GCC_WARN_UNDECLARED_SELECTOR = YES;
				GCC_WARN_UNINITIALIZED_AUTOS = YES_AGGRESSIVE;
				GCC_WARN_UNUSED_FUNCTION = YES;
				GCC_WARN_UNUSED_VARIABLE = YES;
				IPHONEOS_DEPLOYMENT_TARGET = 17.4;
				LOCALIZATION_PREFERS_STRING_CATALOGS = YES;
				MTL_ENABLE_DEBUG_INFO = INCLUDE_SOURCE;
				MTL_FAST_MATH = YES;
				ONLY_ACTIVE_ARCH = YES;
				SDKROOT = iphoneos;
				SWIFT_ACTIVE_COMPILATION_CONDITIONS = "DEBUG $(inherited)";
				SWIFT_OPTIMIZATION_LEVEL = "-Onone";
			};
			name = Debug;
		};
		15A850962CDF543F00815474 /* Release */ = {
			isa = XCBuildConfiguration;
			buildSettings = {
				ALWAYS_SEARCH_USER_PATHS = NO;
				ASSETCATALOG_COMPILER_GENERATE_SWIFT_ASSET_SYMBOL_EXTENSIONS = YES;
				CLANG_ANALYZER_NONNULL = YES;
				CLANG_ANALYZER_NUMBER_OBJECT_CONVERSION = YES_AGGRESSIVE;
				CLANG_CXX_LANGUAGE_STANDARD = "gnu++20";
				CLANG_ENABLE_MODULES = YES;
				CLANG_ENABLE_OBJC_ARC = YES;
				CLANG_ENABLE_OBJC_WEAK = YES;
				CLANG_WARN_BLOCK_CAPTURE_AUTORELEASING = YES;
				CLANG_WARN_BOOL_CONVERSION = YES;
				CLANG_WARN_COMMA = YES;
				CLANG_WARN_CONSTANT_CONVERSION = YES;
				CLANG_WARN_DEPRECATED_OBJC_IMPLEMENTATIONS = YES;
				CLANG_WARN_DIRECT_OBJC_ISA_USAGE = YES_ERROR;
				CLANG_WARN_DOCUMENTATION_COMMENTS = YES;
				CLANG_WARN_EMPTY_BODY = YES;
				CLANG_WARN_ENUM_CONVERSION = YES;
				CLANG_WARN_INFINITE_RECURSION = YES;
				CLANG_WARN_INT_CONVERSION = YES;
				CLANG_WARN_NON_LITERAL_NULL_CONVERSION = YES;
				CLANG_WARN_OBJC_IMPLICIT_RETAIN_SELF = YES;
				CLANG_WARN_OBJC_LITERAL_CONVERSION = YES;
				CLANG_WARN_OBJC_ROOT_CLASS = YES_ERROR;
				CLANG_WARN_QUOTED_INCLUDE_IN_FRAMEWORK_HEADER = YES;
				CLANG_WARN_RANGE_LOOP_ANALYSIS = YES;
				CLANG_WARN_STRICT_PROTOTYPES = YES;
				CLANG_WARN_SUSPICIOUS_MOVE = YES;
				CLANG_WARN_UNGUARDED_AVAILABILITY = YES_AGGRESSIVE;
				CLANG_WARN_UNREACHABLE_CODE = YES;
				CLANG_WARN__DUPLICATE_METHOD_MATCH = YES;
				COPY_PHASE_STRIP = NO;
				DEBUG_INFORMATION_FORMAT = "dwarf-with-dsym";
				ENABLE_NS_ASSERTIONS = NO;
				ENABLE_STRICT_OBJC_MSGSEND = YES;
				ENABLE_USER_SCRIPT_SANDBOXING = YES;
				GCC_C_LANGUAGE_STANDARD = gnu17;
				GCC_NO_COMMON_BLOCKS = YES;
				GCC_WARN_64_TO_32_BIT_CONVERSION = YES;
				GCC_WARN_ABOUT_RETURN_TYPE = YES_ERROR;
				GCC_WARN_UNDECLARED_SELECTOR = YES;
				GCC_WARN_UNINITIALIZED_AUTOS = YES_AGGRESSIVE;
				GCC_WARN_UNUSED_FUNCTION = YES;
				GCC_WARN_UNUSED_VARIABLE = YES;
				IPHONEOS_DEPLOYMENT_TARGET = 17.4;
				LOCALIZATION_PREFERS_STRING_CATALOGS = YES;
				MTL_ENABLE_DEBUG_INFO = NO;
				MTL_FAST_MATH = YES;
				SDKROOT = iphoneos;
				SWIFT_COMPILATION_MODE = wholemodule;
				VALIDATE_PRODUCT = YES;
			};
			name = Release;
		};
		15A850982CDF543F00815474 /* Debug */ = {
			isa = XCBuildConfiguration;
			buildSettings = {
				ASSETCATALOG_COMPILER_APPICON_NAME = AppIcon;
				ASSETCATALOG_COMPILER_GLOBAL_ACCENT_COLOR_NAME = AccentColor;
				"CODE_SIGN_IDENTITY[sdk=iphoneos*]" = "iPhone Developer";
				CODE_SIGN_STYLE = Manual;
				CURRENT_PROJECT_VERSION = 1;
				DEVELOPMENT_ASSET_PATHS = "\"SnapSync/Preview Content\"";
				DEVELOPMENT_TEAM = "";
				"DEVELOPMENT_TEAM[sdk=iphoneos*]" = 373N8KV6UG;
				ENABLE_PREVIEWS = YES;
				GENERATE_INFOPLIST_FILE = YES;
				INFOPLIST_KEY_NSCameraUsageDescription = "need camera to click picutres";
				INFOPLIST_KEY_UIApplicationSceneManifest_Generation = YES;
				INFOPLIST_KEY_UIApplicationSupportsIndirectInputEvents = YES;
				INFOPLIST_KEY_UILaunchScreen_Generation = YES;
				INFOPLIST_KEY_UISupportedInterfaceOrientations_iPad = "UIInterfaceOrientationPortrait UIInterfaceOrientationPortraitUpsideDown UIInterfaceOrientationLandscapeLeft UIInterfaceOrientationLandscapeRight";
				INFOPLIST_KEY_UISupportedInterfaceOrientations_iPhone = "UIInterfaceOrientationPortrait UIInterfaceOrientationLandscapeLeft UIInterfaceOrientationLandscapeRight";
				LD_RUNPATH_SEARCH_PATHS = (
					"$(inherited)",
					"@executable_path/Frameworks",
				);
				MARKETING_VERSION = 1.0;
				PRODUCT_BUNDLE_IDENTIFIER = com.ios.prod.HealthKart;
				PRODUCT_NAME = "$(TARGET_NAME)";
				PROVISIONING_PROFILE_SPECIFIER = "";
				"PROVISIONING_PROFILE_SPECIFIER[sdk=iphoneos*]" = HealthKartDev;
				SWIFT_EMIT_LOC_STRINGS = YES;
				SWIFT_VERSION = 5.0;
				TARGETED_DEVICE_FAMILY = "1,2";
			};
			name = Debug;
		};
		15A850992CDF543F00815474 /* Release */ = {
			isa = XCBuildConfiguration;
			buildSettings = {
				ASSETCATALOG_COMPILER_APPICON_NAME = AppIcon;
				ASSETCATALOG_COMPILER_GLOBAL_ACCENT_COLOR_NAME = AccentColor;
				"CODE_SIGN_IDENTITY[sdk=iphoneos*]" = "iPhone Developer";
				CODE_SIGN_STYLE = Manual;
				CURRENT_PROJECT_VERSION = 1;
				DEVELOPMENT_ASSET_PATHS = "\"SnapSync/Preview Content\"";
				DEVELOPMENT_TEAM = "";
				"DEVELOPMENT_TEAM[sdk=iphoneos*]" = 373N8KV6UG;
				ENABLE_PREVIEWS = YES;
				GENERATE_INFOPLIST_FILE = YES;
				INFOPLIST_KEY_NSCameraUsageDescription = "need camera to click picutres";
				INFOPLIST_KEY_UIApplicationSceneManifest_Generation = YES;
				INFOPLIST_KEY_UIApplicationSupportsIndirectInputEvents = YES;
				INFOPLIST_KEY_UILaunchScreen_Generation = YES;
				INFOPLIST_KEY_UISupportedInterfaceOrientations_iPad = "UIInterfaceOrientationPortrait UIInterfaceOrientationPortraitUpsideDown UIInterfaceOrientationLandscapeLeft UIInterfaceOrientationLandscapeRight";
				INFOPLIST_KEY_UISupportedInterfaceOrientations_iPhone = "UIInterfaceOrientationPortrait UIInterfaceOrientationLandscapeLeft UIInterfaceOrientationLandscapeRight";
				LD_RUNPATH_SEARCH_PATHS = (
					"$(inherited)",
					"@executable_path/Frameworks",
				);
				MARKETING_VERSION = 1.0;
				PRODUCT_BUNDLE_IDENTIFIER = com.ios.prod.HealthKart;
				PRODUCT_NAME = "$(TARGET_NAME)";
				PROVISIONING_PROFILE_SPECIFIER = "";
				"PROVISIONING_PROFILE_SPECIFIER[sdk=iphoneos*]" = HealthKartDev;
				SWIFT_EMIT_LOC_STRINGS = YES;
				SWIFT_VERSION = 5.0;
				TARGETED_DEVICE_FAMILY = "1,2";
			};
			name = Release;
		};
/* End XCBuildConfiguration section */

/* Begin XCConfigurationList section */
		15A850842CDF543E00815474 /* Build configuration list for PBXProject "SnapSync" */ = {
			isa = XCConfigurationList;
			buildConfigurations = (
				15A850952CDF543F00815474 /* Debug */,
				15A850962CDF543F00815474 /* Release */,
			);
			defaultConfigurationIsVisible = 0;
			defaultConfigurationName = Release;
		};
		15A850972CDF543F00815474 /* Build configuration list for PBXNativeTarget "SnapSync" */ = {
			isa = XCConfigurationList;
			buildConfigurations = (
				15A850982CDF543F00815474 /* Debug */,
				15A850992CDF543F00815474 /* Release */,
			);
			defaultConfigurationIsVisible = 0;
			defaultConfigurationName = Release;
		};
/* End XCConfigurationList section */

/* Begin XCRemoteSwiftPackageReference section */
		15E4C2822CE068DB00A71F54 /* XCRemoteSwiftPackageReference "realm-swift" */ = {
			isa = XCRemoteSwiftPackageReference;
			repositoryURL = "https://github.com/realm/realm-swift.git";
			requirement = {
				kind = upToNextMinorVersion;
				minimumVersion = 10.54.1;
			};
		};
/* End XCRemoteSwiftPackageReference section */

/* Begin XCSwiftPackageProductDependency section */
		15E4C2832CE068DB00A71F54 /* RealmSwift */ = {
			isa = XCSwiftPackageProductDependency;
			package = 15E4C2822CE068DB00A71F54 /* XCRemoteSwiftPackageReference "realm-swift" */;
			productName = RealmSwift;
		};
/* End XCSwiftPackageProductDependency section */
	};
	rootObject = 15A850812CDF543E00815474 /* Project object */;
}
